
Microsoft Visual Studio Solution File, Format Version 12.00
# Visual Studio Version 17
VisualStudioVersion = 17.7.34024.191
MinimumVisualStudioVersion = 10.0.40219.1
Project("{FAE04EC0-301F-11D3-BF4B-00C04F79EFBC}") = "infinite_field", "infinite_field.csproj", "{7E7B7DBB-3C7C-4B70-86BA-570C9F20B5C0}"
EndProject
Global
	GlobalSection(SolutionConfigurationPlatforms) = preSolution
		Debug|Any CPU = Debug|Any CPU
		Release|Any CPU = Release|Any CPU
	EndGlobalSection
	GlobalSection(ProjectConfigurationPlatforms) = postSolution
		{7E7B7DBB-3C7C-4B70-86BA-570C9F20B5C0}.Debug|Any CPU.ActiveCfg = Debug|Any CPU
		{7E7B7DBB-3C7C-4B70-86BA-570C9F20B5C0}.Debug|Any CPU.Build.0 = Debug|Any CPU
		{7E7B7DBB-3C7C-4B70-86BA-570C9F20B5C0}.Release|Any CPU.ActiveCfg = Release|Any CPU
		{7E7B7DBB-3C7C-4B70-86BA-570C9F20B5C0}.Release|Any CPU.Build.0 = Release|Any CPU
	EndGlobalSection
	GlobalSection(SolutionProperties) = preSolution
		HideSolutionNode = FALSE
	EndGlobalSection
	GlobalSection(ExtensibilityGlobals) = postSolution
		SolutionGuid = {1A678795-480A-4110-BD16-8A1422FADBC6}
	EndGlobalSection
EndGlobal
